// !$*UTF8*$!
{
	archiveVersion = 1;
	classes = {
	};
	objectVersion = 46;
	objects = {

/* Begin PBXBuildFile section */
		360142D116EF614000250F4B /* stage1.png in Resources */ = {isa = PBXBuildFile; fileRef = 360142CF16EF614000250F4B /* stage1.png */; };
		360142D516EF638000250F4B /* BackGroundLayer.m in Sources */ = {isa = PBXBuildFile; fileRef = 360142D416EF638000250F4B /* BackGroundLayer.m */; };
		360142E816F0052D00250F4B /* scrollSample.tmx in Resources */ = {isa = PBXBuildFile; fileRef = 360142E716F0052D00250F4B /* scrollSample.tmx */; };
		36806C6416FBCC860031B8F6 /* SenTestingKit.framework in Frameworks */ = {isa = PBXBuildFile; fileRef = 36806C6316FBCC860031B8F6 /* SenTestingKit.framework */; };
		36806C6616FBCC860031B8F6 /* UIKit.framework in Frameworks */ = {isa = PBXBuildFile; fileRef = 36806C6516FBCC860031B8F6 /* UIKit.framework */; };
		36806C6816FBCC860031B8F6 /* Foundation.framework in Frameworks */ = {isa = PBXBuildFile; fileRef = 36806C6716FBCC860031B8F6 /* Foundation.framework */; };
		36806C6E16FBCC860031B8F6 /* InfoPlist.strings in Resources */ = {isa = PBXBuildFile; fileRef = 36806C6C16FBCC860031B8F6 /* InfoPlist.strings */; };
		36806C7116FBCC860031B8F6 /* ShootingGameTest.m in Sources */ = {isa = PBXBuildFile; fileRef = 36806C7016FBCC860031B8F6 /* ShootingGameTest.m */; };
		36B006A516EDDEE800BFC01F /* MainScene.m in Sources */ = {isa = PBXBuildFile; fileRef = 36B006A416EDDEE800BFC01F /* MainScene.m */; };
		36B006A616EDDEE800BFC01F /* MainScene.m in Sources */ = {isa = PBXBuildFile; fileRef = 36B006A416EDDEE800BFC01F /* MainScene.m */; };
		36B006AB16EDE08B00BFC01F /* GameOverScene.m in Sources */ = {isa = PBXBuildFile; fileRef = 36B006A816EDE08B00BFC01F /* GameOverScene.m */; };
		36B006AC16EDE08B00BFC01F /* GameOverScene.m in Sources */ = {isa = PBXBuildFile; fileRef = 36B006A816EDE08B00BFC01F /* GameOverScene.m */; };
		36B006AD16EDE08B00BFC01F /* GameScene.m in Sources */ = {isa = PBXBuildFile; fileRef = 36B006AA16EDE08B00BFC01F /* GameScene.m */; };
		36B006AE16EDE08B00BFC01F /* GameScene.m in Sources */ = {isa = PBXBuildFile; fileRef = 36B006AA16EDE08B00BFC01F /* GameScene.m */; };
		36B006B116EDE09E00BFC01F /* NextStage.m in Sources */ = {isa = PBXBuildFile; fileRef = 36B006B016EDE09E00BFC01F /* NextStage.m */; };
		36B006B216EDE09E00BFC01F /* NextStage.m in Sources */ = {isa = PBXBuildFile; fileRef = 36B006B016EDE09E00BFC01F /* NextStage.m */; };
		36B006C216EDE0E100BFC01F /* BossLayer.m in Sources */ = {isa = PBXBuildFile; fileRef = 36B006B516EDE0E100BFC01F /* BossLayer.m */; };
		36B006C316EDE0E100BFC01F /* BossLayer.m in Sources */ = {isa = PBXBuildFile; fileRef = 36B006B516EDE0E100BFC01F /* BossLayer.m */; };
		36B006C416EDE0E100BFC01F /* EnemyFactory.m in Sources */ = {isa = PBXBuildFile; fileRef = 36B006B716EDE0E100BFC01F /* EnemyFactory.m */; };
		36B006C516EDE0E100BFC01F /* EnemyFactory.m in Sources */ = {isa = PBXBuildFile; fileRef = 36B006B716EDE0E100BFC01F /* EnemyFactory.m */; };
		36B006C616EDE0E100BFC01F /* EnemyLayer.m in Sources */ = {isa = PBXBuildFile; fileRef = 36B006B916EDE0E100BFC01F /* EnemyLayer.m */; };
		36B006C716EDE0E100BFC01F /* EnemyLayer.m in Sources */ = {isa = PBXBuildFile; fileRef = 36B006B916EDE0E100BFC01F /* EnemyLayer.m */; };
		36B006C816EDE0E100BFC01F /* GamePadLayer.m in Sources */ = {isa = PBXBuildFile; fileRef = 36B006BB16EDE0E100BFC01F /* GamePadLayer.m */; };
		36B006C916EDE0E100BFC01F /* GamePadLayer.m in Sources */ = {isa = PBXBuildFile; fileRef = 36B006BB16EDE0E100BFC01F /* GamePadLayer.m */; };
		36B006CA16EDE0E100BFC01F /* ItemLayer.m in Sources */ = {isa = PBXBuildFile; fileRef = 36B006BD16EDE0E100BFC01F /* ItemLayer.m */; };
		36B006CB16EDE0E100BFC01F /* ItemLayer.m in Sources */ = {isa = PBXBuildFile; fileRef = 36B006BD16EDE0E100BFC01F /* ItemLayer.m */; };
		36B006CC16EDE0E100BFC01F /* PlayerLayer.m in Sources */ = {isa = PBXBuildFile; fileRef = 36B006C016EDE0E100BFC01F /* PlayerLayer.m */; };
		36B006CD16EDE0E100BFC01F /* PlayerLayer.m in Sources */ = {isa = PBXBuildFile; fileRef = 36B006C016EDE0E100BFC01F /* PlayerLayer.m */; };
		36B006DD16EDE10600BFC01F /* Boss.m in Sources */ = {isa = PBXBuildFile; fileRef = 36B006D016EDE10600BFC01F /* Boss.m */; };
		36B006DE16EDE10600BFC01F /* Boss.m in Sources */ = {isa = PBXBuildFile; fileRef = 36B006D016EDE10600BFC01F /* Boss.m */; };
		36B006DF16EDE10600BFC01F /* BulletNormal.m in Sources */ = {isa = PBXBuildFile; fileRef = 36B006D216EDE10600BFC01F /* BulletNormal.m */; };
		36B006E016EDE10600BFC01F /* BulletNormal.m in Sources */ = {isa = PBXBuildFile; fileRef = 36B006D216EDE10600BFC01F /* BulletNormal.m */; };
		36B006E116EDE10600BFC01F /* Enemy.m in Sources */ = {isa = PBXBuildFile; fileRef = 36B006D416EDE10600BFC01F /* Enemy.m */; };
		36B006E216EDE10600BFC01F /* Enemy.m in Sources */ = {isa = PBXBuildFile; fileRef = 36B006D416EDE10600BFC01F /* Enemy.m */; };
		36B006E316EDE10600BFC01F /* EnemyProduct.m in Sources */ = {isa = PBXBuildFile; fileRef = 36B006D616EDE10600BFC01F /* EnemyProduct.m */; };
		36B006E416EDE10600BFC01F /* EnemyProduct.m in Sources */ = {isa = PBXBuildFile; fileRef = 36B006D616EDE10600BFC01F /* EnemyProduct.m */; };
		36B006E516EDE10600BFC01F /* Item.m in Sources */ = {isa = PBXBuildFile; fileRef = 36B006D816EDE10600BFC01F /* Item.m */; };
		36B006E616EDE10600BFC01F /* Item.m in Sources */ = {isa = PBXBuildFile; fileRef = 36B006D816EDE10600BFC01F /* Item.m */; };
		36B006E716EDE10600BFC01F /* Player.m in Sources */ = {isa = PBXBuildFile; fileRef = 36B006DA16EDE10600BFC01F /* Player.m */; };
		36B006E816EDE10600BFC01F /* Player.m in Sources */ = {isa = PBXBuildFile; fileRef = 36B006DA16EDE10600BFC01F /* Player.m */; };
		36B006E916EDE10600BFC01F /* SpriteTag.m in Sources */ = {isa = PBXBuildFile; fileRef = 36B006DC16EDE10600BFC01F /* SpriteTag.m */; };
		36B006EA16EDE10600BFC01F /* SpriteTag.m in Sources */ = {isa = PBXBuildFile; fileRef = 36B006DC16EDE10600BFC01F /* SpriteTag.m */; };
		36B006F816EDE14300BFC01F /* NormalPattern.m in Sources */ = {isa = PBXBuildFile; fileRef = 36B006F316EDE14300BFC01F /* NormalPattern.m */; };
		36B006F916EDE14300BFC01F /* NormalPattern.m in Sources */ = {isa = PBXBuildFile; fileRef = 36B006F316EDE14300BFC01F /* NormalPattern.m */; };
		36B006FA16EDE14300BFC01F /* ParallelPattern.m in Sources */ = {isa = PBXBuildFile; fileRef = 36B006F516EDE14300BFC01F /* ParallelPattern.m */; };
		36B006FB16EDE14300BFC01F /* ParallelPattern.m in Sources */ = {isa = PBXBuildFile; fileRef = 36B006F516EDE14300BFC01F /* ParallelPattern.m */; };
		36B006FC16EDE14300BFC01F /* ThreeWayPattern.m in Sources */ = {isa = PBXBuildFile; fileRef = 36B006F716EDE14300BFC01F /* ThreeWayPattern.m */; };
		36B006FD16EDE14300BFC01F /* ThreeWayPattern.m in Sources */ = {isa = PBXBuildFile; fileRef = 36B006F716EDE14300BFC01F /* ThreeWayPattern.m */; };
		36B0070816EDE21500BFC01F /* Normal.png in Resources */ = {isa = PBXBuildFile; fileRef = 36B006FE16EDE21500BFC01F /* Normal.png */; };
		36B0070916EDE21500BFC01F /* Normal.png in Resources */ = {isa = PBXBuildFile; fileRef = 36B006FE16EDE21500BFC01F /* Normal.png */; };
		36B0070A16EDE21500BFC01F /* Parallel.png in Resources */ = {isa = PBXBuildFile; fileRef = 36B006FF16EDE21500BFC01F /* Parallel.png */; };
		36B0070B16EDE21500BFC01F /* Parallel.png in Resources */ = {isa = PBXBuildFile; fileRef = 36B006FF16EDE21500BFC01F /* Parallel.png */; };
		36B0070C16EDE21500BFC01F /* Player.png in Resources */ = {isa = PBXBuildFile; fileRef = 36B0070016EDE21500BFC01F /* Player.png */; };
		36B0070D16EDE21500BFC01F /* Player.png in Resources */ = {isa = PBXBuildFile; fileRef = 36B0070016EDE21500BFC01F /* Player.png */; };
		36B0070E16EDE21500BFC01F /* Projectile2.jpg in Resources */ = {isa = PBXBuildFile; fileRef = 36B0070116EDE21500BFC01F /* Projectile2.jpg */; };
		36B0070F16EDE21500BFC01F /* Projectile2.jpg in Resources */ = {isa = PBXBuildFile; fileRef = 36B0070116EDE21500BFC01F /* Projectile2.jpg */; };
		36B0071016EDE21500BFC01F /* SpeedUp.png in Resources */ = {isa = PBXBuildFile; fileRef = 36B0070216EDE21500BFC01F /* SpeedUp.png */; };
		36B0071116EDE21500BFC01F /* SpeedUp.png in Resources */ = {isa = PBXBuildFile; fileRef = 36B0070216EDE21500BFC01F /* SpeedUp.png */; };
		36B0071216EDE21500BFC01F /* Target.png in Resources */ = {isa = PBXBuildFile; fileRef = 36B0070316EDE21500BFC01F /* Target.png */; };
		36B0071316EDE21500BFC01F /* Target.png in Resources */ = {isa = PBXBuildFile; fileRef = 36B0070316EDE21500BFC01F /* Target.png */; };
		36B0071416EDE21500BFC01F /* Target2.png in Resources */ = {isa = PBXBuildFile; fileRef = 36B0070416EDE21500BFC01F /* Target2.png */; };
		36B0071516EDE21500BFC01F /* Target2.png in Resources */ = {isa = PBXBuildFile; fileRef = 36B0070416EDE21500BFC01F /* Target2.png */; };
		36B0071616EDE21500BFC01F /* Target3.png in Resources */ = {isa = PBXBuildFile; fileRef = 36B0070516EDE21500BFC01F /* Target3.png */; };
		36B0071716EDE21500BFC01F /* Target3.png in Resources */ = {isa = PBXBuildFile; fileRef = 36B0070516EDE21500BFC01F /* Target3.png */; };
		36B0071816EDE21500BFC01F /* Target4.png in Resources */ = {isa = PBXBuildFile; fileRef = 36B0070616EDE21500BFC01F /* Target4.png */; };
		36B0071916EDE21500BFC01F /* Target4.png in Resources */ = {isa = PBXBuildFile; fileRef = 36B0070616EDE21500BFC01F /* Target4.png */; };
		36B0071A16EDE21500BFC01F /* Threeway.png in Resources */ = {isa = PBXBuildFile; fileRef = 36B0070716EDE21500BFC01F /* Threeway.png */; };
		36B0071B16EDE21500BFC01F /* Threeway.png in Resources */ = {isa = PBXBuildFile; fileRef = 36B0070716EDE21500BFC01F /* Threeway.png */; };
		36F02BF416F4B3070005E3CF /* meta_tiles.png in Resources */ = {isa = PBXBuildFile; fileRef = 36F02BF316F4B3060005E3CF /* meta_tiles.png */; };
		36F02BFD16F5AA9B0005E3CF /* SecondGameScene.m in Sources */ = {isa = PBXBuildFile; fileRef = 36F02BFC16F5AA9A0005E3CF /* SecondGameScene.m */; };
		36F02C0016F5ACB90005E3CF /* SecondBackGroundLayer.m in Sources */ = {isa = PBXBuildFile; fileRef = 36F02BFF16F5ACB90005E3CF /* SecondBackGroundLayer.m */; };
		36F02C0216F5B6280005E3CF /* dg_grounds32.png in Resources */ = {isa = PBXBuildFile; fileRef = 36F02C0116F5B6280005E3CF /* dg_grounds32.png */; };
		36F02C0416F5B8E70005E3CF /* secondStage.tmx in Resources */ = {isa = PBXBuildFile; fileRef = 36F02C0316F5B8E70005E3CF /* secondStage.tmx */; };
		36F02C0716F609110005E3CF /* meta.png in Resources */ = {isa = PBXBuildFile; fileRef = 36F02C0616F609110005E3CF /* meta.png */; };
		36F02C0A16F6138E0005E3CF /* hit.caf in Resources */ = {isa = PBXBuildFile; fileRef = 36F02C0816F6138D0005E3CF /* hit.caf */; };
		36F02C0B16F6138E0005E3CF /* TileMap.caf in Resources */ = {isa = PBXBuildFile; fileRef = 36F02C0916F6138D0005E3CF /* TileMap.caf */; };
		36F02C0D16F6144A0005E3CF /* pickup.caf in Resources */ = {isa = PBXBuildFile; fileRef = 36F02C0C16F6144A0005E3CF /* pickup.caf */; };
		36F02C1216F6213D0005E3CF /* explosion_default.plist in Resources */ = {isa = PBXBuildFile; fileRef = 36F02C1016F6213C0005E3CF /* explosion_default.plist */; };
		36F02C1316F6213D0005E3CF /* explosion_default.png in Resources */ = {isa = PBXBuildFile; fileRef = 36F02C1116F6213C0005E3CF /* explosion_default.png */; };
		36F02C1716F62A540005E3CF /* nc30644.wav in Resources */ = {isa = PBXBuildFile; fileRef = 36F02C1616F62A540005E3CF /* nc30644.wav */; };
		DC21B88B1511078F00FD4891 /* fps_images-hd.png in Resources */ = {isa = PBXBuildFile; fileRef = DC21B8881511078F00FD4891 /* fps_images-hd.png */; };
		DC21B88C1511078F00FD4891 /* fps_images-ipadhd.png in Resources */ = {isa = PBXBuildFile; fileRef = DC21B8891511078F00FD4891 /* fps_images-ipadhd.png */; };
		DC21B88D1511078F00FD4891 /* fps_images.png in Resources */ = {isa = PBXBuildFile; fileRef = DC21B88A1511078F00FD4891 /* fps_images.png */; };
		DC21B88F1511079900FD4891 /* fps_images.png in Resources */ = {isa = PBXBuildFile; fileRef = DC21B88E1511079900FD4891 /* fps_images.png */; };
		DC27219F160CADFF00D88944 /* Default-568h@2x.png in Resources */ = {isa = PBXBuildFile; fileRef = DC27219E160CADFF00D88944 /* Default-568h@2x.png */; };
		DC2721A8160CAFA600D88944 /* iTunesArtwork in Resources */ = {isa = PBXBuildFile; fileRef = DC2721A7160CAFA600D88944 /* iTunesArtwork */; };
		DC485B1113AA0E5600F2BC70 /* libchipmunk-mac.a in Frameworks */ = {isa = PBXBuildFile; fileRef = DC485B0D13AA0E5600F2BC70 /* libchipmunk-mac.a */; };
		DC485B1713AA0EBB00F2BC70 /* libbox2d-mac.a in Frameworks */ = {isa = PBXBuildFile; fileRef = DC485B1613AA0EBB00F2BC70 /* libbox2d-mac.a */; };
		DC485B4613AA18A600F2BC70 /* libcocosdenshion-mac.a in Frameworks */ = {isa = PBXBuildFile; fileRef = DC485B4513AA18A600F2BC70 /* libcocosdenshion-mac.a */; };
		DC65615C13A969B600A7AC53 /* libbox2d-ios.a in Frameworks */ = {isa = PBXBuildFile; fileRef = DC65615013A969B600A7AC53 /* libbox2d-ios.a */; };
		DC65615D13A969B600A7AC53 /* libchipmunk-ios.a in Frameworks */ = {isa = PBXBuildFile; fileRef = DC65615113A969B600A7AC53 /* libchipmunk-ios.a */; };
		DC65615E13A969B600A7AC53 /* libchipmunk-spacemanager-ios.a in Frameworks */ = {isa = PBXBuildFile; fileRef = DC65615213A969B600A7AC53 /* libchipmunk-spacemanager-ios.a */; };
		DC65616013A969B600A7AC53 /* libcocos2d-extensions-ios.a in Frameworks */ = {isa = PBXBuildFile; fileRef = DC65615413A969B600A7AC53 /* libcocos2d-extensions-ios.a */; };
		DC65616113A969B600A7AC53 /* libcocos2d-ios.a in Frameworks */ = {isa = PBXBuildFile; fileRef = DC65615513A969B600A7AC53 /* libcocos2d-ios.a */; };
		DC65616213A969B600A7AC53 /* libcocos3d-ios.a in Frameworks */ = {isa = PBXBuildFile; fileRef = DC65615613A969B600A7AC53 /* libcocos3d-ios.a */; };
		DC65616313A969B600A7AC53 /* libcocosdenshion-ios.a in Frameworks */ = {isa = PBXBuildFile; fileRef = DC65615713A969B600A7AC53 /* libcocosdenshion-ios.a */; };
		DC65616413A969B600A7AC53 /* libkobold2d-ios.a in Frameworks */ = {isa = PBXBuildFile; fileRef = DC65615813A969B600A7AC53 /* libkobold2d-ios.a */; };
		DC65616513A969B600A7AC53 /* libobjectal-ios.a in Frameworks */ = {isa = PBXBuildFile; fileRef = DC65615913A969B600A7AC53 /* libobjectal-ios.a */; };
		DC65616613A969B600A7AC53 /* libsneakyinput-ios.a in Frameworks */ = {isa = PBXBuildFile; fileRef = DC65615A13A969B600A7AC53 /* libsneakyinput-ios.a */; };
		DC979E3E13B35F8800656CB9 /* libcocos2d-extensions-mac.a in Frameworks */ = {isa = PBXBuildFile; fileRef = DC979E3D13B35F8800656CB9 /* libcocos2d-extensions-mac.a */; };
		DC979E5A13B3607E00656CB9 /* libchipmunk-spacemanager-mac.a in Frameworks */ = {isa = PBXBuildFile; fileRef = DC979E5913B3607E00656CB9 /* libchipmunk-spacemanager-mac.a */; };
		DCC1A0FA13A94ED5005BD75D /* Default.png in Resources */ = {isa = PBXBuildFile; fileRef = DCC1A0F913A94ED5005BD75D /* Default.png */; };
		DCC1A0FE13A94ED5005BD75D /* Icon-72.png in Resources */ = {isa = PBXBuildFile; fileRef = DCC1A0FD13A94ED5005BD75D /* Icon-72.png */; };
		DCC1A10013A94ED5005BD75D /* Icon-Small-50.png in Resources */ = {isa = PBXBuildFile; fileRef = DCC1A0FF13A94ED5005BD75D /* Icon-Small-50.png */; };
		DCC1A10213A94ED5005BD75D /* Icon-Small.png in Resources */ = {isa = PBXBuildFile; fileRef = DCC1A10113A94ED5005BD75D /* Icon-Small.png */; };
		DCC1A10413A94ED5005BD75D /* Icon-Small@2x.png in Resources */ = {isa = PBXBuildFile; fileRef = DCC1A10313A94ED5005BD75D /* Icon-Small@2x.png */; };
		DCC1A10613A94ED5005BD75D /* Icon.png in Resources */ = {isa = PBXBuildFile; fileRef = DCC1A10513A94ED5005BD75D /* Icon.png */; };
		DCC1A10813A94ED5005BD75D /* Icon@2x.png in Resources */ = {isa = PBXBuildFile; fileRef = DCC1A10713A94ED5005BD75D /* Icon@2x.png */; };
		DCC1A26913A94EE6005BD75D /* InfoPlist.strings in Resources */ = {isa = PBXBuildFile; fileRef = DCC1A26713A94EE6005BD75D /* InfoPlist.strings */; };
		DCC1A26C13A94EE6005BD75D /* MainMenu.xib in Resources */ = {isa = PBXBuildFile; fileRef = DCC1A26A13A94EE6005BD75D /* MainMenu.xib */; };
		DCC1A27013A94EE6005BD75D /* icon.icns in Resources */ = {isa = PBXBuildFile; fileRef = DCC1A26F13A94EE6005BD75D /* icon.icns */; };
		DCC1A3A913A94F1A005BD75D /* AppDelegate.m in Sources */ = {isa = PBXBuildFile; fileRef = DCC1A38E13A94F1A005BD75D /* AppDelegate.m */; };
		DCC1A3AA13A94F1A005BD75D /* AppDelegate.m in Sources */ = {isa = PBXBuildFile; fileRef = DCC1A38E13A94F1A005BD75D /* AppDelegate.m */; };
		DCC1A3AD13A94F1A005BD75D /* main.m in Sources */ = {isa = PBXBuildFile; fileRef = DCC1A39113A94F1A005BD75D /* main.m */; };
		DCC1A3AE13A94F1A005BD75D /* main.m in Sources */ = {isa = PBXBuildFile; fileRef = DCC1A39113A94F1A005BD75D /* main.m */; };
		DCC1A3AF13A94F1A005BD75D /* config.lua in Resources */ = {isa = PBXBuildFile; fileRef = DCC1A39513A94F1A005BD75D /* config.lua */; };
		DCC1A3B013A94F1A005BD75D /* config.lua in Resources */ = {isa = PBXBuildFile; fileRef = DCC1A39513A94F1A005BD75D /* config.lua */; };
		DCF95CD213A97EC500AE3B80 /* libcocos2d-mac.a in Frameworks */ = {isa = PBXBuildFile; fileRef = DCF95CC913A97EC500AE3B80 /* libcocos2d-mac.a */; };
		DCF95CD413A97EC500AE3B80 /* libkobold2d-mac.a in Frameworks */ = {isa = PBXBuildFile; fileRef = DCF95CCB13A97EC500AE3B80 /* libkobold2d-mac.a */; };
/* End PBXBuildFile section */

/* Begin PBXFileReference section */
		360142CF16EF614000250F4B /* stage1.png */ = {isa = PBXFileReference; lastKnownFileType = image.png; path = stage1.png; sourceTree = "<group>"; };
		360142D316EF638000250F4B /* BackGroundLayer.h */ = {isa = PBXFileReference; fileEncoding = 4; lastKnownFileType = sourcecode.c.h; path = BackGroundLayer.h; sourceTree = "<group>"; };
		360142D416EF638000250F4B /* BackGroundLayer.m */ = {isa = PBXFileReference; fileEncoding = 4; lastKnownFileType = sourcecode.c.objc; path = BackGroundLayer.m; sourceTree = "<group>"; };
		360142E716F0052D00250F4B /* scrollSample.tmx */ = {isa = PBXFileReference; fileEncoding = 4; lastKnownFileType = text.xml; path = scrollSample.tmx; sourceTree = "<group>"; };
		36806C6216FBCC860031B8F6 /* ShootingGameTest.octest */ = {isa = PBXFileReference; explicitFileType = wrapper.cfbundle; includeInIndex = 0; path = ShootingGameTest.octest; sourceTree = BUILT_PRODUCTS_DIR; };
		36806C6316FBCC860031B8F6 /* SenTestingKit.framework */ = {isa = PBXFileReference; lastKnownFileType = wrapper.framework; name = SenTestingKit.framework; path = Library/Frameworks/SenTestingKit.framework; sourceTree = DEVELOPER_DIR; };
		36806C6516FBCC860031B8F6 /* UIKit.framework */ = {isa = PBXFileReference; lastKnownFileType = wrapper.framework; name = UIKit.framework; path = Library/Frameworks/UIKit.framework; sourceTree = DEVELOPER_DIR; };
		36806C6716FBCC860031B8F6 /* Foundation.framework */ = {isa = PBXFileReference; lastKnownFileType = wrapper.framework; name = Foundation.framework; path = Library/Frameworks/Foundation.framework; sourceTree = DEVELOPER_DIR; };
		36806C6B16FBCC860031B8F6 /* ShootingGameTest-Info.plist */ = {isa = PBXFileReference; lastKnownFileType = text.plist.xml; path = "ShootingGameTest-Info.plist"; sourceTree = "<group>"; };
		36806C6D16FBCC860031B8F6 /* en */ = {isa = PBXFileReference; lastKnownFileType = text.plist.strings; name = en; path = en.lproj/InfoPlist.strings; sourceTree = "<group>"; };
		36806C6F16FBCC860031B8F6 /* ShootingGameTest.h */ = {isa = PBXFileReference; lastKnownFileType = sourcecode.c.h; path = ShootingGameTest.h; sourceTree = "<group>"; };
		36806C7016FBCC860031B8F6 /* ShootingGameTest.m */ = {isa = PBXFileReference; lastKnownFileType = sourcecode.c.objc; path = ShootingGameTest.m; sourceTree = "<group>"; };
		36806C7216FBCC860031B8F6 /* ShootingGameTest-Prefix.pch */ = {isa = PBXFileReference; lastKnownFileType = sourcecode.c.h; path = "ShootingGameTest-Prefix.pch"; sourceTree = "<group>"; };
		36B006A316EDDEE800BFC01F /* MainScene.h */ = {isa = PBXFileReference; fileEncoding = 4; lastKnownFileType = sourcecode.c.h; path = MainScene.h; sourceTree = "<group>"; };
		36B006A416EDDEE800BFC01F /* MainScene.m */ = {isa = PBXFileReference; fileEncoding = 4; lastKnownFileType = sourcecode.c.objc; path = MainScene.m; sourceTree = "<group>"; };
		36B006A716EDE08B00BFC01F /* GameOverScene.h */ = {isa = PBXFileReference; fileEncoding = 4; lastKnownFileType = sourcecode.c.h; path = GameOverScene.h; sourceTree = "<group>"; };
		36B006A816EDE08B00BFC01F /* GameOverScene.m */ = {isa = PBXFileReference; fileEncoding = 4; lastKnownFileType = sourcecode.c.objc; path = GameOverScene.m; sourceTree = "<group>"; };
		36B006A916EDE08B00BFC01F /* GameScene.h */ = {isa = PBXFileReference; fileEncoding = 4; lastKnownFileType = sourcecode.c.h; path = GameScene.h; sourceTree = "<group>"; };
		36B006AA16EDE08B00BFC01F /* GameScene.m */ = {isa = PBXFileReference; fileEncoding = 4; lastKnownFileType = sourcecode.c.objc; path = GameScene.m; sourceTree = "<group>"; };
		36B006AF16EDE09D00BFC01F /* NextStage.h */ = {isa = PBXFileReference; fileEncoding = 4; lastKnownFileType = sourcecode.c.h; path = NextStage.h; sourceTree = "<group>"; };
		36B006B016EDE09E00BFC01F /* NextStage.m */ = {isa = PBXFileReference; fileEncoding = 4; lastKnownFileType = sourcecode.c.objc; path = NextStage.m; sourceTree = "<group>"; };
		36B006B416EDE0E100BFC01F /* BossLayer.h */ = {isa = PBXFileReference; fileEncoding = 4; lastKnownFileType = sourcecode.c.h; path = BossLayer.h; sourceTree = "<group>"; };
		36B006B516EDE0E100BFC01F /* BossLayer.m */ = {isa = PBXFileReference; fileEncoding = 4; lastKnownFileType = sourcecode.c.objc; path = BossLayer.m; sourceTree = "<group>"; };
		36B006B616EDE0E100BFC01F /* EnemyFactory.h */ = {isa = PBXFileReference; fileEncoding = 4; lastKnownFileType = sourcecode.c.h; path = EnemyFactory.h; sourceTree = "<group>"; };
		36B006B716EDE0E100BFC01F /* EnemyFactory.m */ = {isa = PBXFileReference; fileEncoding = 4; lastKnownFileType = sourcecode.c.objc; path = EnemyFactory.m; sourceTree = "<group>"; };
		36B006B816EDE0E100BFC01F /* EnemyLayer.h */ = {isa = PBXFileReference; fileEncoding = 4; lastKnownFileType = sourcecode.c.h; path = EnemyLayer.h; sourceTree = "<group>"; };
		36B006B916EDE0E100BFC01F /* EnemyLayer.m */ = {isa = PBXFileReference; fileEncoding = 4; lastKnownFileType = sourcecode.c.objc; path = EnemyLayer.m; sourceTree = "<group>"; };
		36B006BA16EDE0E100BFC01F /* GamePadLayer.h */ = {isa = PBXFileReference; fileEncoding = 4; lastKnownFileType = sourcecode.c.h; path = GamePadLayer.h; sourceTree = "<group>"; };
		36B006BB16EDE0E100BFC01F /* GamePadLayer.m */ = {isa = PBXFileReference; fileEncoding = 4; lastKnownFileType = sourcecode.c.objc; path = GamePadLayer.m; sourceTree = "<group>"; };
		36B006BC16EDE0E100BFC01F /* ItemLayer.h */ = {isa = PBXFileReference; fileEncoding = 4; lastKnownFileType = sourcecode.c.h; path = ItemLayer.h; sourceTree = "<group>"; };
		36B006BD16EDE0E100BFC01F /* ItemLayer.m */ = {isa = PBXFileReference; fileEncoding = 4; lastKnownFileType = sourcecode.c.objc; path = ItemLayer.m; sourceTree = "<group>"; };
		36B006BE16EDE0E100BFC01F /* Observer.h */ = {isa = PBXFileReference; fileEncoding = 4; lastKnownFileType = sourcecode.c.h; path = Observer.h; sourceTree = "<group>"; };
		36B006BF16EDE0E100BFC01F /* PlayerLayer.h */ = {isa = PBXFileReference; fileEncoding = 4; lastKnownFileType = sourcecode.c.h; path = PlayerLayer.h; sourceTree = "<group>"; };
		36B006C016EDE0E100BFC01F /* PlayerLayer.m */ = {isa = PBXFileReference; fileEncoding = 4; lastKnownFileType = sourcecode.c.objc; path = PlayerLayer.m; sourceTree = "<group>"; };
		36B006C116EDE0E100BFC01F /* Subject.h */ = {isa = PBXFileReference; fileEncoding = 4; lastKnownFileType = sourcecode.c.h; path = Subject.h; sourceTree = "<group>"; };
		36B006CF16EDE10600BFC01F /* Boss.h */ = {isa = PBXFileReference; fileEncoding = 4; lastKnownFileType = sourcecode.c.h; path = Boss.h; sourceTree = "<group>"; };
		36B006D016EDE10600BFC01F /* Boss.m */ = {isa = PBXFileReference; fileEncoding = 4; lastKnownFileType = sourcecode.c.objc; path = Boss.m; sourceTree = "<group>"; };
		36B006D116EDE10600BFC01F /* BulletNormal.h */ = {isa = PBXFileReference; fileEncoding = 4; lastKnownFileType = sourcecode.c.h; path = BulletNormal.h; sourceTree = "<group>"; };
		36B006D216EDE10600BFC01F /* BulletNormal.m */ = {isa = PBXFileReference; fileEncoding = 4; lastKnownFileType = sourcecode.c.objc; path = BulletNormal.m; sourceTree = "<group>"; };
		36B006D316EDE10600BFC01F /* Enemy.h */ = {isa = PBXFileReference; fileEncoding = 4; lastKnownFileType = sourcecode.c.h; path = Enemy.h; sourceTree = "<group>"; };
		36B006D416EDE10600BFC01F /* Enemy.m */ = {isa = PBXFileReference; fileEncoding = 4; lastKnownFileType = sourcecode.c.objc; path = Enemy.m; sourceTree = "<group>"; };
		36B006D516EDE10600BFC01F /* EnemyProduct.h */ = {isa = PBXFileReference; fileEncoding = 4; lastKnownFileType = sourcecode.c.h; path = EnemyProduct.h; sourceTree = "<group>"; };
		36B006D616EDE10600BFC01F /* EnemyProduct.m */ = {isa = PBXFileReference; fileEncoding = 4; lastKnownFileType = sourcecode.c.objc; path = EnemyProduct.m; sourceTree = "<group>"; };
		36B006D716EDE10600BFC01F /* Item.h */ = {isa = PBXFileReference; fileEncoding = 4; lastKnownFileType = sourcecode.c.h; path = Item.h; sourceTree = "<group>"; };
		36B006D816EDE10600BFC01F /* Item.m */ = {isa = PBXFileReference; fileEncoding = 4; lastKnownFileType = sourcecode.c.objc; path = Item.m; sourceTree = "<group>"; };
		36B006D916EDE10600BFC01F /* Player.h */ = {isa = PBXFileReference; fileEncoding = 4; lastKnownFileType = sourcecode.c.h; path = Player.h; sourceTree = "<group>"; };
		36B006DA16EDE10600BFC01F /* Player.m */ = {isa = PBXFileReference; fileEncoding = 4; lastKnownFileType = sourcecode.c.objc; path = Player.m; sourceTree = "<group>"; };
		36B006DB16EDE10600BFC01F /* SpriteTag.h */ = {isa = PBXFileReference; fileEncoding = 4; lastKnownFileType = sourcecode.c.h; path = SpriteTag.h; sourceTree = "<group>"; };
		36B006DC16EDE10600BFC01F /* SpriteTag.m */ = {isa = PBXFileReference; fileEncoding = 4; lastKnownFileType = sourcecode.c.objc; path = SpriteTag.m; sourceTree = "<group>"; };
		36B006F116EDE14300BFC01F /* BulletPattern.h */ = {isa = PBXFileReference; fileEncoding = 4; lastKnownFileType = sourcecode.c.h; path = BulletPattern.h; sourceTree = "<group>"; };
		36B006F216EDE14300BFC01F /* NormalPattern.h */ = {isa = PBXFileReference; fileEncoding = 4; lastKnownFileType = sourcecode.c.h; path = NormalPattern.h; sourceTree = "<group>"; };
		36B006F316EDE14300BFC01F /* NormalPattern.m */ = {isa = PBXFileReference; fileEncoding = 4; lastKnownFileType = sourcecode.c.objc; path = NormalPattern.m; sourceTree = "<group>"; };
		36B006F416EDE14300BFC01F /* ParallelPattern.h */ = {isa = PBXFileReference; fileEncoding = 4; lastKnownFileType = sourcecode.c.h; path = ParallelPattern.h; sourceTree = "<group>"; };
		36B006F516EDE14300BFC01F /* ParallelPattern.m */ = {isa = PBXFileReference; fileEncoding = 4; lastKnownFileType = sourcecode.c.objc; path = ParallelPattern.m; sourceTree = "<group>"; };
		36B006F616EDE14300BFC01F /* ThreeWayPattern.h */ = {isa = PBXFileReference; fileEncoding = 4; lastKnownFileType = sourcecode.c.h; path = ThreeWayPattern.h; sourceTree = "<group>"; };
		36B006F716EDE14300BFC01F /* ThreeWayPattern.m */ = {isa = PBXFileReference; fileEncoding = 4; lastKnownFileType = sourcecode.c.objc; path = ThreeWayPattern.m; sourceTree = "<group>"; };
		36B006FE16EDE21500BFC01F /* Normal.png */ = {isa = PBXFileReference; lastKnownFileType = image.png; path = Normal.png; sourceTree = "<group>"; };
		36B006FF16EDE21500BFC01F /* Parallel.png */ = {isa = PBXFileReference; lastKnownFileType = image.png; path = Parallel.png; sourceTree = "<group>"; };
		36B0070016EDE21500BFC01F /* Player.png */ = {isa = PBXFileReference; lastKnownFileType = image.png; path = Player.png; sourceTree = "<group>"; };
		36B0070116EDE21500BFC01F /* Projectile2.jpg */ = {isa = PBXFileReference; lastKnownFileType = image.jpeg; path = Projectile2.jpg; sourceTree = "<group>"; };
		36B0070216EDE21500BFC01F /* SpeedUp.png */ = {isa = PBXFileReference; lastKnownFileType = image.png; path = SpeedUp.png; sourceTree = "<group>"; };
		36B0070316EDE21500BFC01F /* Target.png */ = {isa = PBXFileReference; lastKnownFileType = image.png; path = Target.png; sourceTree = "<group>"; };
		36B0070416EDE21500BFC01F /* Target2.png */ = {isa = PBXFileReference; lastKnownFileType = image.png; path = Target2.png; sourceTree = "<group>"; };
		36B0070516EDE21500BFC01F /* Target3.png */ = {isa = PBXFileReference; lastKnownFileType = image.png; path = Target3.png; sourceTree = "<group>"; };
		36B0070616EDE21500BFC01F /* Target4.png */ = {isa = PBXFileReference; lastKnownFileType = image.png; path = Target4.png; sourceTree = "<group>"; };
		36B0070716EDE21500BFC01F /* Threeway.png */ = {isa = PBXFileReference; lastKnownFileType = image.png; path = Threeway.png; sourceTree = "<group>"; };
		36F02BF316F4B3060005E3CF /* meta_tiles.png */ = {isa = PBXFileReference; lastKnownFileType = image.png; path = meta_tiles.png; sourceTree = "<group>"; };
		36F02BFB16F5AA9A0005E3CF /* SecondGameScene.h */ = {isa = PBXFileReference; fileEncoding = 4; lastKnownFileType = sourcecode.c.h; path = SecondGameScene.h; sourceTree = "<group>"; };
		36F02BFC16F5AA9A0005E3CF /* SecondGameScene.m */ = {isa = PBXFileReference; fileEncoding = 4; lastKnownFileType = sourcecode.c.objc; path = SecondGameScene.m; sourceTree = "<group>"; };
		36F02BFE16F5ACB80005E3CF /* SecondBackGroundLayer.h */ = {isa = PBXFileReference; fileEncoding = 4; lastKnownFileType = sourcecode.c.h; path = SecondBackGroundLayer.h; sourceTree = "<group>"; };
		36F02BFF16F5ACB90005E3CF /* SecondBackGroundLayer.m */ = {isa = PBXFileReference; fileEncoding = 4; lastKnownFileType = sourcecode.c.objc; path = SecondBackGroundLayer.m; sourceTree = "<group>"; };
		36F02C0116F5B6280005E3CF /* dg_grounds32.png */ = {isa = PBXFileReference; lastKnownFileType = image.png; path = dg_grounds32.png; sourceTree = "<group>"; };
		36F02C0316F5B8E70005E3CF /* secondStage.tmx */ = {isa = PBXFileReference; fileEncoding = 4; lastKnownFileType = text.xml; path = secondStage.tmx; sourceTree = "<group>"; };
		36F02C0616F609110005E3CF /* meta.png */ = {isa = PBXFileReference; lastKnownFileType = image.png; path = meta.png; sourceTree = "<group>"; };
		36F02C0816F6138D0005E3CF /* hit.caf */ = {isa = PBXFileReference; lastKnownFileType = file; path = hit.caf; sourceTree = "<group>"; };
		36F02C0916F6138D0005E3CF /* TileMap.caf */ = {isa = PBXFileReference; lastKnownFileType = file; path = TileMap.caf; sourceTree = "<group>"; };
		36F02C0C16F6144A0005E3CF /* pickup.caf */ = {isa = PBXFileReference; lastKnownFileType = file; path = pickup.caf; sourceTree = "<group>"; };
		36F02C1016F6213C0005E3CF /* explosion_default.plist */ = {isa = PBXFileReference; fileEncoding = 4; lastKnownFileType = text.plist.xml; path = explosion_default.plist; sourceTree = "<group>"; };
		36F02C1116F6213C0005E3CF /* explosion_default.png */ = {isa = PBXFileReference; lastKnownFileType = image.png; path = explosion_default.png; sourceTree = "<group>"; };
		36F02C1616F62A540005E3CF /* nc30644.wav */ = {isa = PBXFileReference; lastKnownFileType = audio.wav; path = nc30644.wav; sourceTree = "<group>"; };
		DC21B8881511078F00FD4891 /* fps_images-hd.png */ = {isa = PBXFileReference; lastKnownFileType = image.png; path = "fps_images-hd.png"; sourceTree = "<group>"; };
		DC21B8891511078F00FD4891 /* fps_images-ipadhd.png */ = {isa = PBXFileReference; lastKnownFileType = image.png; path = "fps_images-ipadhd.png"; sourceTree = "<group>"; };
		DC21B88A1511078F00FD4891 /* fps_images.png */ = {isa = PBXFileReference; lastKnownFileType = image.png; path = fps_images.png; sourceTree = "<group>"; };
		DC21B88E1511079900FD4891 /* fps_images.png */ = {isa = PBXFileReference; lastKnownFileType = image.png; name = fps_images.png; path = Resources/fps_images.png; sourceTree = "<group>"; };
		DC27219E160CADFF00D88944 /* Default-568h@2x.png */ = {isa = PBXFileReference; lastKnownFileType = image.png; path = "Default-568h@2x.png"; sourceTree = "<group>"; };
		DC2721A7160CAFA600D88944 /* iTunesArtwork */ = {isa = PBXFileReference; lastKnownFileType = file; path = iTunesArtwork; sourceTree = "<group>"; };
		DC3BE97813B4FB71003739CC /* BuildSettings-iOS.xcconfig */ = {isa = PBXFileReference; lastKnownFileType = text.xcconfig; path = "BuildSettings-iOS.xcconfig"; sourceTree = "<group>"; };
		DC485B0D13AA0E5600F2BC70 /* libchipmunk-mac.a */ = {isa = PBXFileReference; explicitFileType = archive.ar; path = "libchipmunk-mac.a"; sourceTree = BUILT_PRODUCTS_DIR; };
		DC485B1613AA0EBB00F2BC70 /* libbox2d-mac.a */ = {isa = PBXFileReference; explicitFileType = archive.ar; path = "libbox2d-mac.a"; sourceTree = BUILT_PRODUCTS_DIR; };
		DC485B4513AA18A600F2BC70 /* libcocosdenshion-mac.a */ = {isa = PBXFileReference; explicitFileType = archive.ar; path = "libcocosdenshion-mac.a"; sourceTree = BUILT_PRODUCTS_DIR; };
		DC65615013A969B600A7AC53 /* libbox2d-ios.a */ = {isa = PBXFileReference; explicitFileType = archive.ar; path = "libbox2d-ios.a"; sourceTree = BUILT_PRODUCTS_DIR; };
		DC65615113A969B600A7AC53 /* libchipmunk-ios.a */ = {isa = PBXFileReference; explicitFileType = archive.ar; path = "libchipmunk-ios.a"; sourceTree = BUILT_PRODUCTS_DIR; };
		DC65615213A969B600A7AC53 /* libchipmunk-spacemanager-ios.a */ = {isa = PBXFileReference; explicitFileType = archive.ar; path = "libchipmunk-spacemanager-ios.a"; sourceTree = BUILT_PRODUCTS_DIR; };
		DC65615413A969B600A7AC53 /* libcocos2d-extensions-ios.a */ = {isa = PBXFileReference; explicitFileType = archive.ar; path = "libcocos2d-extensions-ios.a"; sourceTree = BUILT_PRODUCTS_DIR; };
		DC65615513A969B600A7AC53 /* libcocos2d-ios.a */ = {isa = PBXFileReference; explicitFileType = archive.ar; path = "libcocos2d-ios.a"; sourceTree = BUILT_PRODUCTS_DIR; };
		DC65615613A969B600A7AC53 /* libcocos3d-ios.a */ = {isa = PBXFileReference; explicitFileType = archive.ar; path = "libcocos3d-ios.a"; sourceTree = BUILT_PRODUCTS_DIR; };
		DC65615713A969B600A7AC53 /* libcocosdenshion-ios.a */ = {isa = PBXFileReference; explicitFileType = archive.ar; path = "libcocosdenshion-ios.a"; sourceTree = BUILT_PRODUCTS_DIR; };
		DC65615813A969B600A7AC53 /* libkobold2d-ios.a */ = {isa = PBXFileReference; explicitFileType = archive.ar; path = "libkobold2d-ios.a"; sourceTree = BUILT_PRODUCTS_DIR; };
		DC65615913A969B600A7AC53 /* libobjectal-ios.a */ = {isa = PBXFileReference; explicitFileType = archive.ar; path = "libobjectal-ios.a"; sourceTree = BUILT_PRODUCTS_DIR; };
		DC65615A13A969B600A7AC53 /* libsneakyinput-ios.a */ = {isa = PBXFileReference; explicitFileType = archive.ar; path = "libsneakyinput-ios.a"; sourceTree = BUILT_PRODUCTS_DIR; };
		DC979E3D13B35F8800656CB9 /* libcocos2d-extensions-mac.a */ = {isa = PBXFileReference; explicitFileType = archive.ar; path = "libcocos2d-extensions-mac.a"; sourceTree = BUILT_PRODUCTS_DIR; };
		DC979E5913B3607E00656CB9 /* libchipmunk-spacemanager-mac.a */ = {isa = PBXFileReference; explicitFileType = archive.ar; path = "libchipmunk-spacemanager-mac.a"; sourceTree = BUILT_PRODUCTS_DIR; };
		DC9C33E713B5024400931BF2 /* BuildSettings-Debug-Mac.xcconfig */ = {isa = PBXFileReference; lastKnownFileType = text.xcconfig; path = "BuildSettings-Debug-Mac.xcconfig"; sourceTree = "<group>"; };
		DC9C33E813B5024400931BF2 /* BuildSettings-Mac.xcconfig */ = {isa = PBXFileReference; lastKnownFileType = text.xcconfig; path = "BuildSettings-Mac.xcconfig"; sourceTree = "<group>"; };
		DC9C33E913B5024400931BF2 /* BuildSettings-Release-Mac.xcconfig */ = {isa = PBXFileReference; lastKnownFileType = text.xcconfig; path = "BuildSettings-Release-Mac.xcconfig"; sourceTree = "<group>"; };
		DCC1A0E313A94ED5005BD75D /* ShootingGame-iOS.app */ = {isa = PBXFileReference; explicitFileType = wrapper.application; includeInIndex = 0; path = "ShootingGame-iOS.app"; sourceTree = BUILT_PRODUCTS_DIR; };
		DCC1A0F913A94ED5005BD75D /* Default.png */ = {isa = PBXFileReference; lastKnownFileType = image.png; path = Default.png; sourceTree = "<group>"; };
		DCC1A0FD13A94ED5005BD75D /* Icon-72.png */ = {isa = PBXFileReference; lastKnownFileType = image.png; path = "Icon-72.png"; sourceTree = "<group>"; };
		DCC1A0FF13A94ED5005BD75D /* Icon-Small-50.png */ = {isa = PBXFileReference; lastKnownFileType = image.png; path = "Icon-Small-50.png"; sourceTree = "<group>"; };
		DCC1A10113A94ED5005BD75D /* Icon-Small.png */ = {isa = PBXFileReference; lastKnownFileType = image.png; path = "Icon-Small.png"; sourceTree = "<group>"; };
		DCC1A10313A94ED5005BD75D /* Icon-Small@2x.png */ = {isa = PBXFileReference; lastKnownFileType = image.png; path = "Icon-Small@2x.png"; sourceTree = "<group>"; };
		DCC1A10513A94ED5005BD75D /* Icon.png */ = {isa = PBXFileReference; lastKnownFileType = image.png; path = Icon.png; sourceTree = "<group>"; };
		DCC1A10713A94ED5005BD75D /* Icon@2x.png */ = {isa = PBXFileReference; lastKnownFileType = image.png; path = "Icon@2x.png"; sourceTree = "<group>"; };
		DCC1A10913A94ED5005BD75D /* Info.plist */ = {isa = PBXFileReference; lastKnownFileType = text.plist.xml; path = Info.plist; sourceTree = "<group>"; };
		DCC1A25A13A94EE6005BD75D /* ShootingGame-Mac.app */ = {isa = PBXFileReference; explicitFileType = wrapper.application; includeInIndex = 0; path = "ShootingGame-Mac.app"; sourceTree = BUILT_PRODUCTS_DIR; };
		DCC1A26813A94EE6005BD75D /* English */ = {isa = PBXFileReference; lastKnownFileType = text.plist.strings; name = English; path = Resources/English.lproj/InfoPlist.strings; sourceTree = "<group>"; };
		DCC1A26B13A94EE6005BD75D /* English */ = {isa = PBXFileReference; lastKnownFileType = file.xib; name = English; path = Resources/English.lproj/MainMenu.xib; sourceTree = "<group>"; };
		DCC1A26F13A94EE6005BD75D /* icon.icns */ = {isa = PBXFileReference; lastKnownFileType = image.icns; name = icon.icns; path = Resources/icon.icns; sourceTree = "<group>"; };
		DCC1A27113A94EE6005BD75D /* Info.plist */ = {isa = PBXFileReference; lastKnownFileType = text.plist.xml; name = Info.plist; path = Resources/Info.plist; sourceTree = "<group>"; };
		DCC1A38D13A94F1A005BD75D /* AppDelegate.h */ = {isa = PBXFileReference; fileEncoding = 4; lastKnownFileType = sourcecode.c.h; path = AppDelegate.h; sourceTree = "<group>"; };
		DCC1A38E13A94F1A005BD75D /* AppDelegate.m */ = {isa = PBXFileReference; fileEncoding = 4; lastKnownFileType = sourcecode.c.objc; path = AppDelegate.m; sourceTree = "<group>"; };
		DCC1A39113A94F1A005BD75D /* main.m */ = {isa = PBXFileReference; fileEncoding = 4; lastKnownFileType = sourcecode.c.objc; path = main.m; sourceTree = "<group>"; };
		DCC1A39213A94F1A005BD75D /* Prefix-iOS.pch */ = {isa = PBXFileReference; fileEncoding = 4; lastKnownFileType = sourcecode.c.h; path = "Prefix-iOS.pch"; sourceTree = "<group>"; };
		DCC1A39313A94F1A005BD75D /* Prefix-Mac.pch */ = {isa = PBXFileReference; fileEncoding = 4; lastKnownFileType = sourcecode.c.h; path = "Prefix-Mac.pch"; sourceTree = "<group>"; };
		DCC1A39513A94F1A005BD75D /* config.lua */ = {isa = PBXFileReference; explicitFileType = sourcecode.applescript; fileEncoding = 4; path = config.lua; sourceTree = "<group>"; };
		DCF95CC913A97EC500AE3B80 /* libcocos2d-mac.a */ = {isa = PBXFileReference; explicitFileType = archive.ar; path = "libcocos2d-mac.a"; sourceTree = BUILT_PRODUCTS_DIR; };
		DCF95CCB13A97EC500AE3B80 /* libkobold2d-mac.a */ = {isa = PBXFileReference; explicitFileType = archive.ar; path = "libkobold2d-mac.a"; sourceTree = BUILT_PRODUCTS_DIR; };
		DCFA90EF13B4F6F7009DD35A /* BuildSettings-Debug-iOS.xcconfig */ = {isa = PBXFileReference; lastKnownFileType = text.xcconfig; path = "BuildSettings-Debug-iOS.xcconfig"; sourceTree = "<group>"; };
		DCFA90F013B4F811009DD35A /* BuildSettings-Release-iOS.xcconfig */ = {isa = PBXFileReference; lastKnownFileType = text.xcconfig; path = "BuildSettings-Release-iOS.xcconfig"; sourceTree = "<group>"; };
/* End PBXFileReference section */

/* Begin PBXFrameworksBuildPhase section */
		36806C5E16FBCC860031B8F6 /* Frameworks */ = {
			isa = PBXFrameworksBuildPhase;
			buildActionMask = 2147483647;
			files = (
				36806C6416FBCC860031B8F6 /* SenTestingKit.framework in Frameworks */,
				36806C6616FBCC860031B8F6 /* UIKit.framework in Frameworks */,
				36806C6816FBCC860031B8F6 /* Foundation.framework in Frameworks */,
			);
			runOnlyForDeploymentPostprocessing = 0;
		};
		DCC1A0E013A94ED5005BD75D /* Frameworks */ = {
			isa = PBXFrameworksBuildPhase;
			buildActionMask = 2147483647;
			files = (
				DC65615C13A969B600A7AC53 /* libbox2d-ios.a in Frameworks */,
				DC65615D13A969B600A7AC53 /* libchipmunk-ios.a in Frameworks */,
				DC65615E13A969B600A7AC53 /* libchipmunk-spacemanager-ios.a in Frameworks */,
				DC65616013A969B600A7AC53 /* libcocos2d-extensions-ios.a in Frameworks */,
				DC65616113A969B600A7AC53 /* libcocos2d-ios.a in Frameworks */,
				DC65616213A969B600A7AC53 /* libcocos3d-ios.a in Frameworks */,
				DC65616313A969B600A7AC53 /* libcocosdenshion-ios.a in Frameworks */,
				DC65616413A969B600A7AC53 /* libkobold2d-ios.a in Frameworks */,
				DC65616513A969B600A7AC53 /* libobjectal-ios.a in Frameworks */,
				DC65616613A969B600A7AC53 /* libsneakyinput-ios.a in Frameworks */,
			);
			runOnlyForDeploymentPostprocessing = 0;
		};
		DCC1A25713A94EE6005BD75D /* Frameworks */ = {
			isa = PBXFrameworksBuildPhase;
			buildActionMask = 2147483647;
			files = (
				DC979E5A13B3607E00656CB9 /* libchipmunk-spacemanager-mac.a in Frameworks */,
				DC979E3E13B35F8800656CB9 /* libcocos2d-extensions-mac.a in Frameworks */,
				DC485B4613AA18A600F2BC70 /* libcocosdenshion-mac.a in Frameworks */,
				DC485B1713AA0EBB00F2BC70 /* libbox2d-mac.a in Frameworks */,
				DC485B1113AA0E5600F2BC70 /* libchipmunk-mac.a in Frameworks */,
				DCF95CD213A97EC500AE3B80 /* libcocos2d-mac.a in Frameworks */,
				DCF95CD413A97EC500AE3B80 /* libkobold2d-mac.a in Frameworks */,
			);
			runOnlyForDeploymentPostprocessing = 0;
		};
/* End PBXFrameworksBuildPhase section */

/* Begin PBXGroup section */
		36806C6916FBCC860031B8F6 /* ShootingGameTest */ = {
			isa = PBXGroup;
			children = (
				36806C6F16FBCC860031B8F6 /* ShootingGameTest.h */,
				36806C7016FBCC860031B8F6 /* ShootingGameTest.m */,
				36806C6A16FBCC860031B8F6 /* Supporting Files */,
			);
			path = ShootingGameTest;
			sourceTree = "<group>";
		};
		36806C6A16FBCC860031B8F6 /* Supporting Files */ = {
			isa = PBXGroup;
			children = (
				36806C6B16FBCC860031B8F6 /* ShootingGameTest-Info.plist */,
				36806C6C16FBCC860031B8F6 /* InfoPlist.strings */,
				36806C7216FBCC860031B8F6 /* ShootingGameTest-Prefix.pch */,
			);
			name = "Supporting Files";
			sourceTree = "<group>";
		};
		36B006A216EDDEAB00BFC01F /* Scenes */ = {
			isa = PBXGroup;
			children = (
				36B006AF16EDE09D00BFC01F /* NextStage.h */,
				36B006B016EDE09E00BFC01F /* NextStage.m */,
				36B006A716EDE08B00BFC01F /* GameOverScene.h */,
				36B006A816EDE08B00BFC01F /* GameOverScene.m */,
				36B006A916EDE08B00BFC01F /* GameScene.h */,
				36B006AA16EDE08B00BFC01F /* GameScene.m */,
				36B006A316EDDEE800BFC01F /* MainScene.h */,
				36B006A416EDDEE800BFC01F /* MainScene.m */,
				36F02BFB16F5AA9A0005E3CF /* SecondGameScene.h */,
				36F02BFC16F5AA9A0005E3CF /* SecondGameScene.m */,
			);
			name = Scenes;
			sourceTree = "<group>";
		};
		36B006B316EDE0C700BFC01F /* Layers */ = {
			isa = PBXGroup;
			children = (
				36B006B416EDE0E100BFC01F /* BossLayer.h */,
				36B006B516EDE0E100BFC01F /* BossLayer.m */,
				36B006B616EDE0E100BFC01F /* EnemyFactory.h */,
				36B006B716EDE0E100BFC01F /* EnemyFactory.m */,
				36B006B816EDE0E100BFC01F /* EnemyLayer.h */,
				36B006B916EDE0E100BFC01F /* EnemyLayer.m */,
				36B006BA16EDE0E100BFC01F /* GamePadLayer.h */,
				36B006BB16EDE0E100BFC01F /* GamePadLayer.m */,
				36B006BC16EDE0E100BFC01F /* ItemLayer.h */,
				36B006BD16EDE0E100BFC01F /* ItemLayer.m */,
				36B006BE16EDE0E100BFC01F /* Observer.h */,
				36B006BF16EDE0E100BFC01F /* PlayerLayer.h */,
				36B006C016EDE0E100BFC01F /* PlayerLayer.m */,
				36B006C116EDE0E100BFC01F /* Subject.h */,
				360142D316EF638000250F4B /* BackGroundLayer.h */,
				360142D416EF638000250F4B /* BackGroundLayer.m */,
				36F02BFE16F5ACB80005E3CF /* SecondBackGroundLayer.h */,
				36F02BFF16F5ACB90005E3CF /* SecondBackGroundLayer.m */,
			);
			name = Layers;
			sourceTree = "<group>";
		};
		36B006CE16EDE0F300BFC01F /* Sprites */ = {
			isa = PBXGroup;
			children = (
				36B006CF16EDE10600BFC01F /* Boss.h */,
				36B006D016EDE10600BFC01F /* Boss.m */,
				36B006D116EDE10600BFC01F /* BulletNormal.h */,
				36B006D216EDE10600BFC01F /* BulletNormal.m */,
				36B006D316EDE10600BFC01F /* Enemy.h */,
				36B006D416EDE10600BFC01F /* Enemy.m */,
				36B006D516EDE10600BFC01F /* EnemyProduct.h */,
				36B006D616EDE10600BFC01F /* EnemyProduct.m */,
				36B006D716EDE10600BFC01F /* Item.h */,
				36B006D816EDE10600BFC01F /* Item.m */,
				36B006D916EDE10600BFC01F /* Player.h */,
				36B006DA16EDE10600BFC01F /* Player.m */,
				36B006DB16EDE10600BFC01F /* SpriteTag.h */,
				36B006DC16EDE10600BFC01F /* SpriteTag.m */,
			);
			name = Sprites;
			sourceTree = "<group>";
		};
		36B006EB16EDE11200BFC01F /* Logic */ = {
			isa = PBXGroup;
			children = (
			);
			name = Logic;
			sourceTree = "<group>";
		};
		36B006F016EDE12E00BFC01F /* BulletCreatePattern */ = {
			isa = PBXGroup;
			children = (
				36B006F116EDE14300BFC01F /* BulletPattern.h */,
				36B006F216EDE14300BFC01F /* NormalPattern.h */,
				36B006F316EDE14300BFC01F /* NormalPattern.m */,
				36B006F416EDE14300BFC01F /* ParallelPattern.h */,
				36B006F516EDE14300BFC01F /* ParallelPattern.m */,
				36B006F616EDE14300BFC01F /* ThreeWayPattern.h */,
				36B006F716EDE14300BFC01F /* ThreeWayPattern.m */,
			);
			name = BulletCreatePattern;
			sourceTree = "<group>";
		};
		36F02BEE16F4A86F0005E3CF /* dataObjects */ = {
			isa = PBXGroup;
			children = (
			);
			name = dataObjects;
			sourceTree = "<group>";
		};
		DCC1A0D613A94EC0005BD75D = {
			isa = PBXGroup;
			children = (
				DCC1A38C13A94F1A005BD75D /* Projectfiles */,
				DCC1A0F713A94ED5005BD75D /* Projectfiles-iOS */,
				DCC1A26413A94EE6005BD75D /* Projectfiles-Mac */,
				DCFA90ED13B4F6A0009DD35A /* BuildSettings */,
				36806C6916FBCC860031B8F6 /* ShootingGameTest */,
				DCC1A0E613A94ED5005BD75D /* Frameworks */,
				DCC1A0E413A94ED5005BD75D /* Products */,
			);
			sourceTree = "<group>";
		};
		DCC1A0E413A94ED5005BD75D /* Products */ = {
			isa = PBXGroup;
			children = (
				DCC1A0E313A94ED5005BD75D /* ShootingGame-iOS.app */,
				DCC1A25A13A94EE6005BD75D /* ShootingGame-Mac.app */,
				36806C6216FBCC860031B8F6 /* ShootingGameTest.octest */,
			);
			name = Products;
			sourceTree = "<group>";
		};
		DCC1A0E613A94ED5005BD75D /* Frameworks */ = {
			isa = PBXGroup;
			children = (
				36806C6316FBCC860031B8F6 /* SenTestingKit.framework */,
				36806C6516FBCC860031B8F6 /* UIKit.framework */,
				36806C6716FBCC860031B8F6 /* Foundation.framework */,
			);
			name = Frameworks;
			sourceTree = "<group>";
		};
		DCC1A0F713A94ED5005BD75D /* Projectfiles-iOS */ = {
			isa = PBXGroup;
			children = (
				DCC1A0F813A94ED5005BD75D /* Resources */,
			);
			path = "Projectfiles-iOS";
			sourceTree = "<group>";
		};
		DCC1A0F813A94ED5005BD75D /* Resources */ = {
			isa = PBXGroup;
			children = (
				36F02C1016F6213C0005E3CF /* explosion_default.plist */,
				36F02C1616F62A540005E3CF /* nc30644.wav */,
				36F02C1116F6213C0005E3CF /* explosion_default.png */,
				36F02C0816F6138D0005E3CF /* hit.caf */,
				36F02C0C16F6144A0005E3CF /* pickup.caf */,
				36F02C0916F6138D0005E3CF /* TileMap.caf */,
				36F02C0616F609110005E3CF /* meta.png */,
				36F02C0316F5B8E70005E3CF /* secondStage.tmx */,
				36F02C0116F5B6280005E3CF /* dg_grounds32.png */,
				360142E716F0052D00250F4B /* scrollSample.tmx */,
				36F02BF316F4B3060005E3CF /* meta_tiles.png */,
				360142CF16EF614000250F4B /* stage1.png */,
				36B006FE16EDE21500BFC01F /* Normal.png */,
				36B006FF16EDE21500BFC01F /* Parallel.png */,
				36B0070016EDE21500BFC01F /* Player.png */,
				36B0070116EDE21500BFC01F /* Projectile2.jpg */,
				36B0070216EDE21500BFC01F /* SpeedUp.png */,
				36B0070316EDE21500BFC01F /* Target.png */,
				36B0070416EDE21500BFC01F /* Target2.png */,
				36B0070516EDE21500BFC01F /* Target3.png */,
				36B0070616EDE21500BFC01F /* Target4.png */,
				36B0070716EDE21500BFC01F /* Threeway.png */,
				DC2721A7160CAFA600D88944 /* iTunesArtwork */,
				DC21B88A1511078F00FD4891 /* fps_images.png */,
				DC21B8881511078F00FD4891 /* fps_images-hd.png */,
				DC21B8891511078F00FD4891 /* fps_images-ipadhd.png */,
				DCC1A0F913A94ED5005BD75D /* Default.png */,
				DC27219E160CADFF00D88944 /* Default-568h@2x.png */,
				DCC1A0FD13A94ED5005BD75D /* Icon-72.png */,
				DCC1A0FF13A94ED5005BD75D /* Icon-Small-50.png */,
				DCC1A10113A94ED5005BD75D /* Icon-Small.png */,
				DCC1A10313A94ED5005BD75D /* Icon-Small@2x.png */,
				DCC1A10513A94ED5005BD75D /* Icon.png */,
				DCC1A10713A94ED5005BD75D /* Icon@2x.png */,
				DCC1A10913A94ED5005BD75D /* Info.plist */,
			);
			path = Resources;
			sourceTree = "<group>";
		};
		DCC1A26413A94EE6005BD75D /* Projectfiles-Mac */ = {
			isa = PBXGroup;
			children = (
				DCC1A26513A94EE6005BD75D /* Resources */,
			);
			path = "Projectfiles-Mac";
			sourceTree = "<group>";
		};
		DCC1A26513A94EE6005BD75D /* Resources */ = {
			isa = PBXGroup;
			children = (
				DC21B88E1511079900FD4891 /* fps_images.png */,
				DCC1A26F13A94EE6005BD75D /* icon.icns */,
				DCC1A27113A94EE6005BD75D /* Info.plist */,
				DCC1A26613A94EE6005BD75D /* English.lproj */,
			);
			name = Resources;
			sourceTree = "<group>";
		};
		DCC1A26613A94EE6005BD75D /* English.lproj */ = {
			isa = PBXGroup;
			children = (
				DCC1A26713A94EE6005BD75D /* InfoPlist.strings */,
				DCC1A26A13A94EE6005BD75D /* MainMenu.xib */,
			);
			name = English.lproj;
			sourceTree = "<group>";
		};
		DCC1A38C13A94F1A005BD75D /* Projectfiles */ = {
			isa = PBXGroup;
			children = (
				36F02BEE16F4A86F0005E3CF /* dataObjects */,
				36B006F016EDE12E00BFC01F /* BulletCreatePattern */,
				36B006EB16EDE11200BFC01F /* Logic */,
				36B006CE16EDE0F300BFC01F /* Sprites */,
				36B006B316EDE0C700BFC01F /* Layers */,
				36B006A216EDDEAB00BFC01F /* Scenes */,
				DCC1A38D13A94F1A005BD75D /* AppDelegate.h */,
				DCC1A38E13A94F1A005BD75D /* AppDelegate.m */,
				DCC1A39413A94F1A005BD75D /* Resources */,
				DCC1A3CF13A94F2C005BD75D /* Supporting Files */,
			);
			path = Projectfiles;
			sourceTree = "<group>";
		};
		DCC1A39413A94F1A005BD75D /* Resources */ = {
			isa = PBXGroup;
			children = (
				DCC1A39513A94F1A005BD75D /* config.lua */,
			);
			path = Resources;
			sourceTree = "<group>";
		};
		DCC1A3CF13A94F2C005BD75D /* Supporting Files */ = {
			isa = PBXGroup;
			children = (
				DCC1A39113A94F1A005BD75D /* main.m */,
				DCC1A39213A94F1A005BD75D /* Prefix-iOS.pch */,
				DCC1A39313A94F1A005BD75D /* Prefix-Mac.pch */,
			);
			name = "Supporting Files";
			sourceTree = "<group>";
		};
		DCFA90ED13B4F6A0009DD35A /* BuildSettings */ = {
			isa = PBXGroup;
			children = (
				DCFA90EF13B4F6F7009DD35A /* BuildSettings-Debug-iOS.xcconfig */,
				DCFA90F013B4F811009DD35A /* BuildSettings-Release-iOS.xcconfig */,
				DC3BE97813B4FB71003739CC /* BuildSettings-iOS.xcconfig */,
				DC9C33E713B5024400931BF2 /* BuildSettings-Debug-Mac.xcconfig */,
				DC9C33E913B5024400931BF2 /* BuildSettings-Release-Mac.xcconfig */,
				DC9C33E813B5024400931BF2 /* BuildSettings-Mac.xcconfig */,
			);
			path = BuildSettings;
			sourceTree = "<group>";
		};
/* End PBXGroup section */

/* Begin PBXNativeTarget section */
		36806C6116FBCC860031B8F6 /* ShootingGameTest */ = {
			isa = PBXNativeTarget;
			buildConfigurationList = 36806C7316FBCC860031B8F6 /* Build configuration list for PBXNativeTarget "ShootingGameTest" */;
			buildPhases = (
				36806C5D16FBCC860031B8F6 /* Sources */,
				36806C5E16FBCC860031B8F6 /* Frameworks */,
				36806C5F16FBCC860031B8F6 /* Resources */,
				36806C6016FBCC860031B8F6 /* ShellScript */,
			);
			buildRules = (
			);
			dependencies = (
			);
			name = ShootingGameTest;
			productName = ShootingGameTest;
			productReference = 36806C6216FBCC860031B8F6 /* ShootingGameTest.octest */;
			productType = "com.apple.product-type.bundle";
		};
		DCC1A0E213A94ED5005BD75D /* ShootingGame-iOS */ = {
			isa = PBXNativeTarget;
			buildConfigurationList = DCC1A25313A94ED7005BD75D /* Build configuration list for PBXNativeTarget "ShootingGame-iOS" */;
			buildPhases = (
				DCC1A0DF13A94ED5005BD75D /* Sources */,
				DCC1A0E013A94ED5005BD75D /* Frameworks */,
				DCC1A0E113A94ED5005BD75D /* Resources */,
			);
			buildRules = (
			);
			dependencies = (
			);
			name = "ShootingGame-iOS";
			productName = "Hello-World-iOS";
			productReference = DCC1A0E313A94ED5005BD75D /* ShootingGame-iOS.app */;
			productType = "com.apple.product-type.application";
		};
		DCC1A25913A94EE6005BD75D /* ShootingGame-Mac */ = {
			isa = PBXNativeTarget;
			buildConfigurationList = DCC1A38913A94EE7005BD75D /* Build configuration list for PBXNativeTarget "ShootingGame-Mac" */;
			buildPhases = (
				DCC1A25613A94EE6005BD75D /* Sources */,
				DCC1A25713A94EE6005BD75D /* Frameworks */,
				DCC1A25813A94EE6005BD75D /* Resources */,
			);
			buildRules = (
			);
			dependencies = (
			);
			name = "ShootingGame-Mac";
			productName = "Hello-World-Mac";
			productReference = DCC1A25A13A94EE6005BD75D /* ShootingGame-Mac.app */;
			productType = "com.apple.product-type.application";
		};
/* End PBXNativeTarget section */

/* Begin PBXProject section */
		DCC1A0D813A94EC0005BD75D /* Project object */ = {
			isa = PBXProject;
			attributes = {
				LastUpgradeCheck = 0430;
			};
			buildConfigurationList = DCC1A0DB13A94EC0005BD75D /* Build configuration list for PBXProject "ShootingGame" */;
			compatibilityVersion = "Xcode 3.2";
			developmentRegion = English;
			hasScannedForEncodings = 0;
			knownRegions = (
				en,
				English,
			);
			mainGroup = DCC1A0D613A94EC0005BD75D;
			productRefGroup = DCC1A0E413A94ED5005BD75D /* Products */;
			projectDirPath = "";
			projectRoot = "";
			targets = (
				DCC1A0E213A94ED5005BD75D /* ShootingGame-iOS */,
				DCC1A25913A94EE6005BD75D /* ShootingGame-Mac */,
				36806C6116FBCC860031B8F6 /* ShootingGameTest */,
			);
		};
/* End PBXProject section */

/* Begin PBXResourcesBuildPhase section */
		36806C5F16FBCC860031B8F6 /* Resources */ = {
			isa = PBXResourcesBuildPhase;
			buildActionMask = 2147483647;
			files = (
				36806C6E16FBCC860031B8F6 /* InfoPlist.strings in Resources */,
			);
			runOnlyForDeploymentPostprocessing = 0;
		};
		DCC1A0E113A94ED5005BD75D /* Resources */ = {
			isa = PBXResourcesBuildPhase;
			buildActionMask = 2147483647;
			files = (
				DCC1A0FA13A94ED5005BD75D /* Default.png in Resources */,
				DCC1A0FE13A94ED5005BD75D /* Icon-72.png in Resources */,
				DCC1A10013A94ED5005BD75D /* Icon-Small-50.png in Resources */,
				DCC1A10213A94ED5005BD75D /* Icon-Small.png in Resources */,
				DCC1A10413A94ED5005BD75D /* Icon-Small@2x.png in Resources */,
				DCC1A10613A94ED5005BD75D /* Icon.png in Resources */,
				DCC1A10813A94ED5005BD75D /* Icon@2x.png in Resources */,
				DCC1A3AF13A94F1A005BD75D /* config.lua in Resources */,
				DC21B88B1511078F00FD4891 /* fps_images-hd.png in Resources */,
				DC21B88C1511078F00FD4891 /* fps_images-ipadhd.png in Resources */,
				DC21B88D1511078F00FD4891 /* fps_images.png in Resources */,
				DC27219F160CADFF00D88944 /* Default-568h@2x.png in Resources */,
				DC2721A8160CAFA600D88944 /* iTunesArtwork in Resources */,
				36B0070816EDE21500BFC01F /* Normal.png in Resources */,
				36B0070A16EDE21500BFC01F /* Parallel.png in Resources */,
				36B0070C16EDE21500BFC01F /* Player.png in Resources */,
				36B0070E16EDE21500BFC01F /* Projectile2.jpg in Resources */,
				36B0071016EDE21500BFC01F /* SpeedUp.png in Resources */,
				36B0071216EDE21500BFC01F /* Target.png in Resources */,
				36B0071416EDE21500BFC01F /* Target2.png in Resources */,
				36B0071616EDE21500BFC01F /* Target3.png in Resources */,
				36B0071816EDE21500BFC01F /* Target4.png in Resources */,
				36B0071A16EDE21500BFC01F /* Threeway.png in Resources */,
				360142D116EF614000250F4B /* stage1.png in Resources */,
				360142E816F0052D00250F4B /* scrollSample.tmx in Resources */,
				36F02BF416F4B3070005E3CF /* meta_tiles.png in Resources */,
				36F02C0216F5B6280005E3CF /* dg_grounds32.png in Resources */,
				36F02C0416F5B8E70005E3CF /* secondStage.tmx in Resources */,
				36F02C0716F609110005E3CF /* meta.png in Resources */,
				36F02C0A16F6138E0005E3CF /* hit.caf in Resources */,
				36F02C0B16F6138E0005E3CF /* TileMap.caf in Resources */,
				36F02C0D16F6144A0005E3CF /* pickup.caf in Resources */,
				36F02C1216F6213D0005E3CF /* explosion_default.plist in Resources */,
				36F02C1316F6213D0005E3CF /* explosion_default.png in Resources */,
				36F02C1716F62A540005E3CF /* nc30644.wav in Resources */,
			);
			runOnlyForDeploymentPostprocessing = 0;
		};
		DCC1A25813A94EE6005BD75D /* Resources */ = {
			isa = PBXResourcesBuildPhase;
			buildActionMask = 2147483647;
			files = (
				DCC1A26913A94EE6005BD75D /* InfoPlist.strings in Resources */,
				DCC1A26C13A94EE6005BD75D /* MainMenu.xib in Resources */,
				DCC1A27013A94EE6005BD75D /* icon.icns in Resources */,
				DCC1A3B013A94F1A005BD75D /* config.lua in Resources */,
				DC21B88F1511079900FD4891 /* fps_images.png in Resources */,
				36B0070916EDE21500BFC01F /* Normal.png in Resources */,
				36B0070B16EDE21500BFC01F /* Parallel.png in Resources */,
				36B0070D16EDE21500BFC01F /* Player.png in Resources */,
				36B0070F16EDE21500BFC01F /* Projectile2.jpg in Resources */,
				36B0071116EDE21500BFC01F /* SpeedUp.png in Resources */,
				36B0071316EDE21500BFC01F /* Target.png in Resources */,
				36B0071516EDE21500BFC01F /* Target2.png in Resources */,
				36B0071716EDE21500BFC01F /* Target3.png in Resources */,
				36B0071916EDE21500BFC01F /* Target4.png in Resources */,
				36B0071B16EDE21500BFC01F /* Threeway.png in Resources */,
			);
			runOnlyForDeploymentPostprocessing = 0;
		};
/* End PBXResourcesBuildPhase section */

/* Begin PBXShellScriptBuildPhase section */
		36806C6016FBCC860031B8F6 /* ShellScript */ = {
			isa = PBXShellScriptBuildPhase;
			buildActionMask = 2147483647;
			files = (
			);
			inputPaths = (
			);
			outputPaths = (
			);
			runOnlyForDeploymentPostprocessing = 0;
			shellPath = /bin/sh;
			shellScript = "# Run the unit tests in this test bundle.\n\"${SYSTEM_DEVELOPER_DIR}/Tools/RunUnitTests\"\n";
		};
/* End PBXShellScriptBuildPhase section */

/* Begin PBXSourcesBuildPhase section */
		36806C5D16FBCC860031B8F6 /* Sources */ = {
			isa = PBXSourcesBuildPhase;
			buildActionMask = 2147483647;
			files = (
				36806C7116FBCC860031B8F6 /* ShootingGameTest.m in Sources */,
			);
			runOnlyForDeploymentPostprocessing = 0;
		};
		DCC1A0DF13A94ED5005BD75D /* Sources */ = {
			isa = PBXSourcesBuildPhase;
			buildActionMask = 2147483647;
			files = (
				DCC1A3A913A94F1A005BD75D /* AppDelegate.m in Sources */,
				DCC1A3AD13A94F1A005BD75D /* main.m in Sources */,
				36B006A516EDDEE800BFC01F /* MainScene.m in Sources */,
				36B006AB16EDE08B00BFC01F /* GameOverScene.m in Sources */,
				36B006AD16EDE08B00BFC01F /* GameScene.m in Sources */,
				36B006B116EDE09E00BFC01F /* NextStage.m in Sources */,
				36B006C216EDE0E100BFC01F /* BossLayer.m in Sources */,
				36B006C416EDE0E100BFC01F /* EnemyFactory.m in Sources */,
				36B006C616EDE0E100BFC01F /* EnemyLayer.m in Sources */,
				36B006C816EDE0E100BFC01F /* GamePadLayer.m in Sources */,
				36B006CA16EDE0E100BFC01F /* ItemLayer.m in Sources */,
				36B006CC16EDE0E100BFC01F /* PlayerLayer.m in Sources */,
				36B006DD16EDE10600BFC01F /* Boss.m in Sources */,
				36B006DF16EDE10600BFC01F /* BulletNormal.m in Sources */,
				36B006E116EDE10600BFC01F /* Enemy.m in Sources */,
				36B006E316EDE10600BFC01F /* EnemyProduct.m in Sources */,
				36B006E516EDE10600BFC01F /* Item.m in Sources */,
				36B006E716EDE10600BFC01F /* Player.m in Sources */,
				36B006E916EDE10600BFC01F /* SpriteTag.m in Sources */,
				36B006F816EDE14300BFC01F /* NormalPattern.m in Sources */,
				36B006FA16EDE14300BFC01F /* ParallelPattern.m in Sources */,
				36B006FC16EDE14300BFC01F /* ThreeWayPattern.m in Sources */,
				360142D516EF638000250F4B /* BackGroundLayer.m in Sources */,
				36F02BFD16F5AA9B0005E3CF /* SecondGameScene.m in Sources */,
				36F02C0016F5ACB90005E3CF /* SecondBackGroundLayer.m in Sources */,
			);
			runOnlyForDeploymentPostprocessing = 0;
		};
		DCC1A25613A94EE6005BD75D /* Sources */ = {
			isa = PBXSourcesBuildPhase;
			buildActionMask = 2147483647;
			files = (
				DCC1A3AA13A94F1A005BD75D /* AppDelegate.m in Sources */,
				DCC1A3AE13A94F1A005BD75D /* main.m in Sources */,
				36B006A616EDDEE800BFC01F /* MainScene.m in Sources */,
				36B006AC16EDE08B00BFC01F /* GameOverScene.m in Sources */,
				36B006AE16EDE08B00BFC01F /* GameScene.m in Sources */,
				36B006B216EDE09E00BFC01F /* NextStage.m in Sources */,
				36B006C316EDE0E100BFC01F /* BossLayer.m in Sources */,
				36B006C516EDE0E100BFC01F /* EnemyFactory.m in Sources */,
				36B006C716EDE0E100BFC01F /* EnemyLayer.m in Sources */,
				36B006C916EDE0E100BFC01F /* GamePadLayer.m in Sources */,
				36B006CB16EDE0E100BFC01F /* ItemLayer.m in Sources */,
				36B006CD16EDE0E100BFC01F /* PlayerLayer.m in Sources */,
				36B006DE16EDE10600BFC01F /* Boss.m in Sources */,
				36B006E016EDE10600BFC01F /* BulletNormal.m in Sources */,
				36B006E216EDE10600BFC01F /* Enemy.m in Sources */,
				36B006E416EDE10600BFC01F /* EnemyProduct.m in Sources */,
				36B006E616EDE10600BFC01F /* Item.m in Sources */,
				36B006E816EDE10600BFC01F /* Player.m in Sources */,
				36B006EA16EDE10600BFC01F /* SpriteTag.m in Sources */,
				36B006F916EDE14300BFC01F /* NormalPattern.m in Sources */,
				36B006FB16EDE14300BFC01F /* ParallelPattern.m in Sources */,
				36B006FD16EDE14300BFC01F /* ThreeWayPattern.m in Sources */,
			);
			runOnlyForDeploymentPostprocessing = 0;
		};
/* End PBXSourcesBuildPhase section */

/* Begin PBXVariantGroup section */
		36806C6C16FBCC860031B8F6 /* InfoPlist.strings */ = {
			isa = PBXVariantGroup;
			children = (
				36806C6D16FBCC860031B8F6 /* en */,
			);
			name = InfoPlist.strings;
			sourceTree = "<group>";
		};
		DCC1A26713A94EE6005BD75D /* InfoPlist.strings */ = {
			isa = PBXVariantGroup;
			children = (
				DCC1A26813A94EE6005BD75D /* English */,
			);
			name = InfoPlist.strings;
			sourceTree = "<group>";
		};
		DCC1A26A13A94EE6005BD75D /* MainMenu.xib */ = {
			isa = PBXVariantGroup;
			children = (
				DCC1A26B13A94EE6005BD75D /* English */,
			);
			name = MainMenu.xib;
			sourceTree = "<group>";
		};
/* End PBXVariantGroup section */

/* Begin XCBuildConfiguration section */
		36806C7416FBCC860031B8F6 /* Debug */ = {
			isa = XCBuildConfiguration;
			buildSettings = {
				ALWAYS_SEARCH_USER_PATHS = NO;
				CLANG_CXX_LANGUAGE_STANDARD = "gnu++0x";
				CLANG_CXX_LIBRARY = "libc++";
				CLANG_ENABLE_OBJC_ARC = YES;
				CLANG_WARN_CONSTANT_CONVERSION = YES;
				CLANG_WARN_EMPTY_BODY = YES;
				CLANG_WARN_ENUM_CONVERSION = YES;
				CLANG_WARN_INT_CONVERSION = YES;
				CLANG_WARN__DUPLICATE_METHOD_MATCH = YES;
				COPY_PHASE_STRIP = NO;
				FRAMEWORK_SEARCH_PATHS = (
					"\"$(SDKROOT)/Developer/Library/Frameworks\"",
					"\"$(DEVELOPER_LIBRARY_DIR)/Frameworks\"",
				);
				GCC_C_LANGUAGE_STANDARD = gnu99;
				GCC_DYNAMIC_NO_PIC = NO;
				GCC_OPTIMIZATION_LEVEL = 0;
				GCC_PRECOMPILE_PREFIX_HEADER = YES;
				GCC_PREFIX_HEADER = "ShootingGameTest/ShootingGameTest-Prefix.pch";
				GCC_PREPROCESSOR_DEFINITIONS = (
					"DEBUG=1",
					"$(inherited)",
				);
				GCC_SYMBOLS_PRIVATE_EXTERN = NO;
				GCC_WARN_ABOUT_RETURN_TYPE = YES;
				GCC_WARN_UNINITIALIZED_AUTOS = YES;
				GCC_WARN_UNUSED_VARIABLE = YES;
				INFOPLIST_FILE = "ShootingGameTest/ShootingGameTest-Info.plist";
				IPHONEOS_DEPLOYMENT_TARGET = 6.1;
				ONLY_ACTIVE_ARCH = YES;
				PRODUCT_NAME = "$(TARGET_NAME)";
				SDKROOT = iphoneos;
				WRAPPER_EXTENSION = octest;
			};
			name = Debug;
		};
		36806C7516FBCC860031B8F6 /* Release */ = {
			isa = XCBuildConfiguration;
			buildSettings = {
				ALWAYS_SEARCH_USER_PATHS = NO;
				CLANG_CXX_LANGUAGE_STANDARD = "gnu++0x";
				CLANG_CXX_LIBRARY = "libc++";
				CLANG_ENABLE_OBJC_ARC = YES;
				CLANG_WARN_CONSTANT_CONVERSION = YES;
				CLANG_WARN_EMPTY_BODY = YES;
				CLANG_WARN_ENUM_CONVERSION = YES;
				CLANG_WARN_INT_CONVERSION = YES;
				CLANG_WARN__DUPLICATE_METHOD_MATCH = YES;
				COPY_PHASE_STRIP = YES;
				FRAMEWORK_SEARCH_PATHS = (
					"\"$(SDKROOT)/Developer/Library/Frameworks\"",
					"\"$(DEVELOPER_LIBRARY_DIR)/Frameworks\"",
				);
				GCC_C_LANGUAGE_STANDARD = gnu99;
				GCC_PRECOMPILE_PREFIX_HEADER = YES;
				GCC_PREFIX_HEADER = "ShootingGameTest/ShootingGameTest-Prefix.pch";
				GCC_WARN_ABOUT_RETURN_TYPE = YES;
				GCC_WARN_UNINITIALIZED_AUTOS = YES;
				GCC_WARN_UNUSED_VARIABLE = YES;
				INFOPLIST_FILE = "ShootingGameTest/ShootingGameTest-Info.plist";
				IPHONEOS_DEPLOYMENT_TARGET = 6.1;
				PRODUCT_NAME = "$(TARGET_NAME)";
				SDKROOT = iphoneos;
				VALIDATE_PRODUCT = YES;
				WRAPPER_EXTENSION = octest;
			};
			name = Release;
		};
		DCC1A0DD13A94EC0005BD75D /* Debug */ = {
			isa = XCBuildConfiguration;
			buildSettings = {
			};
			name = Debug;
		};
		DCC1A0DE13A94EC0005BD75D /* Release */ = {
			isa = XCBuildConfiguration;
			buildSettings = {
			};
			name = Release;
		};
		DCC1A25413A94ED7005BD75D /* Debug */ = {
			isa = XCBuildConfiguration;
			baseConfigurationReference = DCFA90EF13B4F6F7009DD35A /* BuildSettings-Debug-iOS.xcconfig */;
			buildSettings = {
				IPHONEOS_DEPLOYMENT_TARGET = 6.0;
				TARGETED_DEVICE_FAMILY = 1;
			};
			name = Debug;
		};
		DCC1A25513A94ED7005BD75D /* Release */ = {
			isa = XCBuildConfiguration;
			baseConfigurationReference = DCFA90F013B4F811009DD35A /* BuildSettings-Release-iOS.xcconfig */;
			buildSettings = {
				IPHONEOS_DEPLOYMENT_TARGET = 6.0;
				TARGETED_DEVICE_FAMILY = 1;
			};
			name = Release;
		};
		DCC1A38A13A94EE7005BD75D /* Debug */ = {
			isa = XCBuildConfiguration;
			baseConfigurationReference = DC9C33E713B5024400931BF2 /* BuildSettings-Debug-Mac.xcconfig */;
			buildSettings = {
			};
			name = Debug;
		};
		DCC1A38B13A94EE7005BD75D /* Release */ = {
			isa = XCBuildConfiguration;
			baseConfigurationReference = DC9C33E913B5024400931BF2 /* BuildSettings-Release-Mac.xcconfig */;
			buildSettings = {
			};
			name = Release;
		};
/* End XCBuildConfiguration section */

/* Begin XCConfigurationList section */
		36806C7316FBCC860031B8F6 /* Build configuration list for PBXNativeTarget "ShootingGameTest" */ = {
			isa = XCConfigurationList;
			buildConfigurations = (
				36806C7416FBCC860031B8F6 /* Debug */,
				36806C7516FBCC860031B8F6 /* Release */,
			);
			defaultConfigurationIsVisible = 0;
		};
		DCC1A0DB13A94EC0005BD75D /* Build configuration list for PBXProject "ShootingGame" */ = {
			isa = XCConfigurationList;
			buildConfigurations = (
				DCC1A0DD13A94EC0005BD75D /* Debug */,
				DCC1A0DE13A94EC0005BD75D /* Release */,
			);
			defaultConfigurationIsVisible = 0;
			defaultConfigurationName = Release;
		};
		DCC1A25313A94ED7005BD75D /* Build configuration list for PBXNativeTarget "ShootingGame-iOS" */ = {
			isa = XCConfigurationList;
			buildConfigurations = (
				DCC1A25413A94ED7005BD75D /* Debug */,
				DCC1A25513A94ED7005BD75D /* Release */,
			);
			defaultConfigurationIsVisible = 0;
			defaultConfigurationName = Release;
		};
		DCC1A38913A94EE7005BD75D /* Build configuration list for PBXNativeTarget "ShootingGame-Mac" */ = {
			isa = XCConfigurationList;
			buildConfigurations = (
				DCC1A38A13A94EE7005BD75D /* Debug */,
				DCC1A38B13A94EE7005BD75D /* Release */,
			);
			defaultConfigurationIsVisible = 0;
			defaultConfigurationName = Release;
		};
/* End XCConfigurationList section */
	};
	rootObject = DCC1A0D813A94EC0005BD75D /* Project object */;
}
